Microsoft Visual Studio Solution File, Format Version 12.00
Project("{FAE04EC0-301F-11D3-BF4B-00C04F79EFBC}") = "AoC2022-Day01", "2022\AoC2022-Day01\AoC2022-Day01.csproj", "{06E3316F-1712-474F-A949-D7C1611F55D9}"
EndProject
Project("{FAE04EC0-301F-11D3-BF4B-00C04F79EFBC}") = "AoC2022-Day02", "2022\AoC2022-Day02\AoC2022-Day02.csproj", "{08CE1F5C-1D80-4DAE-B6F4-592F89D62F67}"
EndProject
Project("{FAE04EC0-301F-11D3-BF4B-00C04F79EFBC}") = "AoC2022-Day03", "2022\AoC2022-Day03\AoC2022-Day03.csproj", "{952A8B09-5795-421D-97CE-294C6297EAC4}"
EndProject
Project("{FAE04EC0-301F-11D3-BF4B-00C04F79EFBC}") = "AoC2022-Day04", "2022\AoC2022-Day04\AoC2022-Day04.csproj", "{559832D6-5E5E-4A97-9B46-099C445CF01D}"
EndProject
Global
	GlobalSection(SolutionConfigurationPlatforms) = preSolution
		Debug|Any CPU = Debug|Any CPU
		Release|Any CPU = Release|Any CPU
	EndGlobalSection
	GlobalSection(ProjectConfigurationPlatforms) = postSolution
		{06E3316F-1712-474F-A949-D7C1611F55D9}.Debug|Any CPU.ActiveCfg = Debug|Any CPU
		{06E3316F-1712-474F-A949-D7C1611F55D9}.Debug|Any CPU.Build.0 = Debug|Any CPU
		{06E3316F-1712-474F-A949-D7C1611F55D9}.Release|Any CPU.ActiveCfg = Release|Any CPU
		{06E3316F-1712-474F-A949-D7C1611F55D9}.Release|Any CPU.Build.0 = Release|Any CPU
		{08CE1F5C-1D80-4DAE-B6F4-592F89D62F67}.Debug|Any CPU.ActiveCfg = Debug|Any CPU
		{08CE1F5C-1D80-4DAE-B6F4-592F89D62F67}.Debug|Any CPU.Build.0 = Debug|Any CPU
		{08CE1F5C-1D80-4DAE-B6F4-592F89D62F67}.Release|Any CPU.ActiveCfg = Release|Any CPU
		{08CE1F5C-1D80-4DAE-B6F4-592F89D62F67}.Release|Any CPU.Build.0 = Release|Any CPU
		{952A8B09-5795-421D-97CE-294C6297EAC4}.Debug|Any CPU.ActiveCfg = Debug|Any CPU
		{952A8B09-5795-421D-97CE-294C6297EAC4}.Debug|Any CPU.Build.0 = Debug|Any CPU
		{952A8B09-5795-421D-97CE-294C6297EAC4}.Release|Any CPU.ActiveCfg = Release|Any CPU
		{952A8B09-5795-421D-97CE-294C6297EAC4}.Release|Any CPU.Build.0 = Release|Any CPU
		{559832D6-5E5E-4A97-9B46-099C445CF01D}.Debug|Any CPU.ActiveCfg = Debug|Any CPU
		{559832D6-5E5E-4A97-9B46-099C445CF01D}.Debug|Any CPU.Build.0 = Debug|Any CPU
		{559832D6-5E5E-4A97-9B46-099C445CF01D}.Release|Any CPU.ActiveCfg = Release|Any CPU
		{559832D6-5E5E-4A97-9B46-099C445CF01D}.Release|Any CPU.Build.0 = Release|Any CPU
	EndGlobalSection
EndGlobal
